
Microsoft Visual Studio Solution File, Format Version 12.00
# Visual Studio Version 16
VisualStudioVersion = 16.0.31515.178
MinimumVisualStudioVersion = 10.0.40219.1
Project("{FAE04EC0-301F-11D3-BF4B-00C04F79EFBC}") = "matrixGyakorlas", "matrixGyakorlas\matrixGyakorlas.csproj", "{CC4163AC-A968-4340-AC36-A8E08F08892B}"
EndProject
Global
	GlobalSection(SolutionConfigurationPlatforms) = preSolution
		Debug|Any CPU = Debug|Any CPU
		Release|Any CPU = Release|Any CPU
	EndGlobalSection
	GlobalSection(ProjectConfigurationPlatforms) = postSolution
		{CC4163AC-A968-4340-AC36-A8E08F08892B}.Debug|Any CPU.ActiveCfg = Debug|Any CPU
		{CC4163AC-A968-4340-AC36-A8E08F08892B}.Debug|Any CPU.Build.0 = Debug|Any CPU
		{CC4163AC-A968-4340-AC36-A8E08F08892B}.Release|Any CPU.ActiveCfg = Release|Any CPU
		{CC4163AC-A968-4340-AC36-A8E08F08892B}.Release|Any CPU.Build.0 = Release|Any CPU
	EndGlobalSection
	GlobalSection(SolutionProperties) = preSolution
		HideSolutionNode = FALSE
	EndGlobalSection
	GlobalSection(ExtensibilityGlobals) = postSolution
		SolutionGuid = {C0EE0DBC-8F7F-492F-BB0B-37704A40EA3A}
	EndGlobalSection
EndGlobal
